
Microsoft Visual Studio Solution File, Format Version 12.00
# Visual Studio Version 16
VisualStudioVersion = 16.0.29613.14
MinimumVisualStudioVersion = 10.0.40219.1
Project("{FAE04EC0-301F-11D3-BF4B-00C04F79EFBC}") = "Client", "Client\Client.csproj", "{8951C608-91C5-460A-883B-4A6E4B755FD4}"
EndProject
Project("{FAE04EC0-301F-11D3-BF4B-00C04F79EFBC}") = "Server", "Server\Server.csproj", "{5B3A800B-8BF1-41AD-94A8-8592628535BD}"
EndProject
Project("{FAE04EC0-301F-11D3-BF4B-00C04F79EFBC}") = "Shared", "Shared\Shared.csproj", "{B7847FB2-1DA3-4BD0-9034-2CC1ABE032C7}"
EndProject
Project("{2150E333-8FDC-42A3-9474-1A3956D46DE8}") = "Solution Items", "Solution Items", "{AEBE85CF-7962-4F90-A983-613723942E2C}"
	ProjectSection(SolutionItems) = preProject
		.editorconfig = .editorconfig
	EndProjectSection
EndProject
Global
	GlobalSection(SolutionConfigurationPlatforms) = preSolution
		Debug|Any CPU = Debug|Any CPU
		Release|Any CPU = Release|Any CPU
	EndGlobalSection
	GlobalSection(ProjectConfigurationPlatforms) = postSolution
		{8951C608-91C5-460A-883B-4A6E4B755FD4}.Debug|Any CPU.ActiveCfg = Debug|Any CPU
		{8951C608-91C5-460A-883B-4A6E4B755FD4}.Debug|Any CPU.Build.0 = Debug|Any CPU
		{8951C608-91C5-460A-883B-4A6E4B755FD4}.Release|Any CPU.ActiveCfg = Release|Any CPU
		{8951C608-91C5-460A-883B-4A6E4B755FD4}.Release|Any CPU.Build.0 = Release|Any CPU
		{5B3A800B-8BF1-41AD-94A8-8592628535BD}.Debug|Any CPU.ActiveCfg = Debug|Any CPU
		{5B3A800B-8BF1-41AD-94A8-8592628535BD}.Debug|Any CPU.Build.0 = Debug|Any CPU
		{5B3A800B-8BF1-41AD-94A8-8592628535BD}.Release|Any CPU.ActiveCfg = Release|Any CPU
		{5B3A800B-8BF1-41AD-94A8-8592628535BD}.Release|Any CPU.Build.0 = Release|Any CPU
		{B7847FB2-1DA3-4BD0-9034-2CC1ABE032C7}.Debug|Any CPU.ActiveCfg = Debug|Any CPU
		{B7847FB2-1DA3-4BD0-9034-2CC1ABE032C7}.Debug|Any CPU.Build.0 = Debug|Any CPU
		{B7847FB2-1DA3-4BD0-9034-2CC1ABE032C7}.Release|Any CPU.ActiveCfg = Release|Any CPU
		{B7847FB2-1DA3-4BD0-9034-2CC1ABE032C7}.Release|Any CPU.Build.0 = Release|Any CPU
	EndGlobalSection
	GlobalSection(SolutionProperties) = preSolution
		HideSolutionNode = FALSE
	EndGlobalSection
	GlobalSection(ExtensibilityGlobals) = postSolution
		SolutionGuid = {B70A7D21-BC04-43E8-B3B7-53801EDCFEB7}
	EndGlobalSection
EndGlobal
